
Microsoft Visual Studio Solution File, Format Version 12.00
# Visual Studio Version 16
VisualStudioVersion = 16.0.32802.440
MinimumVisualStudioVersion = 10.0.40219.1
Project("{FAE04EC0-301F-11D3-BF4B-00C04F79EFBC}") = "ConsoleApp-2023C2-EF-DBF-12E", "ConsoleApp-2023C2-EF-DBF-12E\ConsoleApp-2023C2-EF-DBF-12E.csproj", "{EE38D09E-7BAE-4FA3-BA62-ACD90815C1B5}"
EndProject
Global
	GlobalSection(SolutionConfigurationPlatforms) = preSolution
		Debug|Any CPU = Debug|Any CPU
		Release|Any CPU = Release|Any CPU
	EndGlobalSection
	GlobalSection(ProjectConfigurationPlatforms) = postSolution
		{EE38D09E-7BAE-4FA3-BA62-ACD90815C1B5}.Debug|Any CPU.ActiveCfg = Debug|Any CPU
		{EE38D09E-7BAE-4FA3-BA62-ACD90815C1B5}.Debug|Any CPU.Build.0 = Debug|Any CPU
		{EE38D09E-7BAE-4FA3-BA62-ACD90815C1B5}.Release|Any CPU.ActiveCfg = Release|Any CPU
		{EE38D09E-7BAE-4FA3-BA62-ACD90815C1B5}.Release|Any CPU.Build.0 = Release|Any CPU
	EndGlobalSection
	GlobalSection(SolutionProperties) = preSolution
		HideSolutionNode = FALSE
	EndGlobalSection
	GlobalSection(ExtensibilityGlobals) = postSolution
		SolutionGuid = {9AEC274D-9A2F-429A-97CD-7D84B1D1D10A}
	EndGlobalSection
EndGlobal
